
Microsoft Visual Studio Solution File, Format Version 12.00
# Visual Studio Version 16
VisualStudioVersion = 16.0.31205.134
MinimumVisualStudioVersion = 10.0.40219.1
Project("{FAE04EC0-301F-11D3-BF4B-00C04F79EFBC}") = "Bool Loop Assignment", "Bool Loop Assignment\Bool Loop Assignment.csproj", "{C1164EBE-8BD7-42BE-8543-D80427B96D2D}"
EndProject
Global
	GlobalSection(SolutionConfigurationPlatforms) = preSolution
		Debug|Any CPU = Debug|Any CPU
		Release|Any CPU = Release|Any CPU
	EndGlobalSection
	GlobalSection(ProjectConfigurationPlatforms) = postSolution
		{C1164EBE-8BD7-42BE-8543-D80427B96D2D}.Debug|Any CPU.ActiveCfg = Debug|Any CPU
		{C1164EBE-8BD7-42BE-8543-D80427B96D2D}.Debug|Any CPU.Build.0 = Debug|Any CPU
		{C1164EBE-8BD7-42BE-8543-D80427B96D2D}.Release|Any CPU.ActiveCfg = Release|Any CPU
		{C1164EBE-8BD7-42BE-8543-D80427B96D2D}.Release|Any CPU.Build.0 = Release|Any CPU
	EndGlobalSection
	GlobalSection(SolutionProperties) = preSolution
		HideSolutionNode = FALSE
	EndGlobalSection
	GlobalSection(ExtensibilityGlobals) = postSolution
		SolutionGuid = {A1708B30-A01C-46D0-B645-E5946CD4B315}
	EndGlobalSection
EndGlobal
