
Microsoft Visual Studio Solution File, Format Version 12.00
# Visual Studio Version 16
VisualStudioVersion = 16.0.31205.134
MinimumVisualStudioVersion = 10.0.40219.1
Project("{FAE04EC0-301F-11D3-BF4B-00C04F79EFBC}") = "Parsing Enums Assignment", "Parsing Enums Assignment\Parsing Enums Assignment.csproj", "{F6D5A880-06C2-42F0-8EC8-DD62B9444D80}"
EndProject
Global
	GlobalSection(SolutionConfigurationPlatforms) = preSolution
		Debug|Any CPU = Debug|Any CPU
		Release|Any CPU = Release|Any CPU
	EndGlobalSection
	GlobalSection(ProjectConfigurationPlatforms) = postSolution
		{F6D5A880-06C2-42F0-8EC8-DD62B9444D80}.Debug|Any CPU.ActiveCfg = Debug|Any CPU
		{F6D5A880-06C2-42F0-8EC8-DD62B9444D80}.Debug|Any CPU.Build.0 = Debug|Any CPU
		{F6D5A880-06C2-42F0-8EC8-DD62B9444D80}.Release|Any CPU.ActiveCfg = Release|Any CPU
		{F6D5A880-06C2-42F0-8EC8-DD62B9444D80}.Release|Any CPU.Build.0 = Release|Any CPU
	EndGlobalSection
	GlobalSection(SolutionProperties) = preSolution
		HideSolutionNode = FALSE
	EndGlobalSection
	GlobalSection(ExtensibilityGlobals) = postSolution
		SolutionGuid = {84E07154-8FAA-4A15-BB8E-FD721EAE8B38}
	EndGlobalSection
EndGlobal
