
Microsoft Visual Studio Solution File, Format Version 12.00
# Visual Studio Version 16
VisualStudioVersion = 16.0.31205.134
MinimumVisualStudioVersion = 10.0.40219.1
Project("{FAE04EC0-301F-11D3-BF4B-00C04F79EFBC}") = "Input Assignment", "Input Assignment\Input Assignment.csproj", "{4E96C106-E814-4111-9334-F6D582C8FA7F}"
EndProject
Global
	GlobalSection(SolutionConfigurationPlatforms) = preSolution
		Debug|Any CPU = Debug|Any CPU
		Release|Any CPU = Release|Any CPU
	EndGlobalSection
	GlobalSection(ProjectConfigurationPlatforms) = postSolution
		{4E96C106-E814-4111-9334-F6D582C8FA7F}.Debug|Any CPU.ActiveCfg = Debug|Any CPU
		{4E96C106-E814-4111-9334-F6D582C8FA7F}.Debug|Any CPU.Build.0 = Debug|Any CPU
		{4E96C106-E814-4111-9334-F6D582C8FA7F}.Release|Any CPU.ActiveCfg = Release|Any CPU
		{4E96C106-E814-4111-9334-F6D582C8FA7F}.Release|Any CPU.Build.0 = Release|Any CPU
	EndGlobalSection
	GlobalSection(SolutionProperties) = preSolution
		HideSolutionNode = FALSE
	EndGlobalSection
	GlobalSection(ExtensibilityGlobals) = postSolution
		SolutionGuid = {042F79EB-7A9E-4136-80D6-D3EDDF425727}
	EndGlobalSection
EndGlobal
